
Microsoft Visual Studio Solution File, Format Version 12.00
# Visual Studio Version 17
VisualStudioVersion = 17.4.33110.190
MinimumVisualStudioVersion = 10.0.40219.1
Project("{FAE04EC0-301F-11D3-BF4B-00C04F79EFBC}") = "WindowsFormsApp3", "WindowsFormsApp3\WindowsFormsApp3.csproj", "{440C4084-79B1-4896-AF54-C59EFA21AA9C}"
EndProject
Global
	GlobalSection(SolutionConfigurationPlatforms) = preSolution
		Debug|Any CPU = Debug|Any CPU
		Release|Any CPU = Release|Any CPU
	EndGlobalSection
	GlobalSection(ProjectConfigurationPlatforms) = postSolution
		{440C4084-79B1-4896-AF54-C59EFA21AA9C}.Debug|Any CPU.ActiveCfg = Debug|Any CPU
		{440C4084-79B1-4896-AF54-C59EFA21AA9C}.Debug|Any CPU.Build.0 = Debug|Any CPU
		{440C4084-79B1-4896-AF54-C59EFA21AA9C}.Release|Any CPU.ActiveCfg = Release|Any CPU
		{440C4084-79B1-4896-AF54-C59EFA21AA9C}.Release|Any CPU.Build.0 = Release|Any CPU
	EndGlobalSection
	GlobalSection(SolutionProperties) = preSolution
		HideSolutionNode = FALSE
	EndGlobalSection
	GlobalSection(ExtensibilityGlobals) = postSolution
		SolutionGuid = {FB60D72F-07AE-4EB0-B2C5-9C0B32715EF7}
	EndGlobalSection
EndGlobal
